
Microsoft Visual Studio Solution File, Format Version 12.00
# Visual Studio 15
VisualStudioVersion = 15.0.27703.2047
MinimumVisualStudioVersion = 10.0.40219.1
Project("{FAE04EC0-301F-11D3-BF4B-00C04F79EFBC}") = "WPF.DataForms", "WPF.DataForms.csproj", "{35BF4F19-431D-44CB-83BB-E145ACE5EDF0}"
EndProject
Global
	GlobalSection(SolutionConfigurationPlatforms) = preSolution
		Debug|Any CPU = Debug|Any CPU
		Release|Any CPU = Release|Any CPU
		TestSystem_Debug|Any CPU = TestSystem_Debug|Any CPU
	EndGlobalSection
	GlobalSection(ProjectConfigurationPlatforms) = postSolution
		{35BF4F19-431D-44CB-83BB-E145ACE5EDF0}.Debug|Any CPU.ActiveCfg = Debug|Any CPU
		{35BF4F19-431D-44CB-83BB-E145ACE5EDF0}.Debug|Any CPU.Build.0 = Debug|Any CPU
		{35BF4F19-431D-44CB-83BB-E145ACE5EDF0}.Release|Any CPU.ActiveCfg = Release|Any CPU
		{35BF4F19-431D-44CB-83BB-E145ACE5EDF0}.Release|Any CPU.Build.0 = Release|Any CPU
		{35BF4F19-431D-44CB-83BB-E145ACE5EDF0}.TestSystem_Debug|Any CPU.ActiveCfg = TestSystem_Debug|Any CPU
		{35BF4F19-431D-44CB-83BB-E145ACE5EDF0}.TestSystem_Debug|Any CPU.Build.0 = TestSystem_Debug|Any CPU
	EndGlobalSection
	GlobalSection(SolutionProperties) = preSolution
		HideSolutionNode = FALSE
	EndGlobalSection
	GlobalSection(ExtensibilityGlobals) = postSolution
		SolutionGuid = {67DA7721-D5C3-459A-9476-CD3289513581}
	EndGlobalSection
EndGlobal
